// !$*UTF8*$!
{
	archiveVersion = 1;
	classes = {
	};
	objectVersion = 56;
	objects = {

/* Begin PBXBuildFile section */
		3E63534D6B99932ED5790BA6 /* Pods_PayTest_PayTestUITests.framework in Frameworks */ = {isa = PBXBuildFile; fileRef = 8F0F437DFC775AD20D8EE819 /* Pods_PayTest_PayTestUITests.framework */; };
		8413ABA428FD51C900DE8ECF /* AppDelegate.swift in Sources */ = {isa = PBXBuildFile; fileRef = 8413ABA328FD51C900DE8ECF /* AppDelegate.swift */; };
		8413ABAB28FD51C900DE8ECF /* Main.storyboard in Resources */ = {isa = PBXBuildFile; fileRef = 8413ABA928FD51C900DE8ECF /* Main.storyboard */; };
		8413ABAE28FD51C900DE8ECF /* PayTest.xcdatamodeld in Sources */ = {isa = PBXBuildFile; fileRef = 8413ABAC28FD51C900DE8ECF /* PayTest.xcdatamodeld */; };
		8413ABB028FD51CE00DE8ECF /* Assets.xcassets in Resources */ = {isa = PBXBuildFile; fileRef = 8413ABAF28FD51CE00DE8ECF /* Assets.xcassets */; };
		8413ABB328FD51CE00DE8ECF /* LaunchScreen.storyboard in Resources */ = {isa = PBXBuildFile; fileRef = 8413ABB128FD51CE00DE8ECF /* LaunchScreen.storyboard */; };
		8413ABBE28FD51CE00DE8ECF /* PayTestTests.swift in Sources */ = {isa = PBXBuildFile; fileRef = 8413ABBD28FD51CE00DE8ECF /* PayTestTests.swift */; };
		8413ABC828FD51CE00DE8ECF /* PayTestUITests.swift in Sources */ = {isa = PBXBuildFile; fileRef = 8413ABC728FD51CE00DE8ECF /* PayTestUITests.swift */; };
		8413ABCA28FD51CE00DE8ECF /* PayTestUITestsLaunchTests.swift in Sources */ = {isa = PBXBuildFile; fileRef = 8413ABC928FD51CE00DE8ECF /* PayTestUITestsLaunchTests.swift */; };
		846B6AC728FD9E95009D9DD9 /* CurrencySellTVCell.swift in Sources */ = {isa = PBXBuildFile; fileRef = 846B6AC528FD9E95009D9DD9 /* CurrencySellTVCell.swift */; };
		846B6AC828FD9E95009D9DD9 /* CurrencySellTVCell.xib in Resources */ = {isa = PBXBuildFile; fileRef = 846B6AC628FD9E95009D9DD9 /* CurrencySellTVCell.xib */; };
		846B6ACC28FD9EB5009D9DD9 /* CurrencyRecieveTVCell.swift in Sources */ = {isa = PBXBuildFile; fileRef = 846B6ACA28FD9EB5009D9DD9 /* CurrencyRecieveTVCell.swift */; };
		846B6ACD28FD9EB5009D9DD9 /* CurrencyRecieveTVCell.xib in Resources */ = {isa = PBXBuildFile; fileRef = 846B6ACB28FD9EB5009D9DD9 /* CurrencyRecieveTVCell.xib */; };
		846B6AD128FDAB7E009D9DD9 /* CurrencyTVCell.swift in Sources */ = {isa = PBXBuildFile; fileRef = 846B6ACF28FDAB7E009D9DD9 /* CurrencyTVCell.swift */; };
		846B6AD228FDAB7E009D9DD9 /* CurrencyTVCell.xib in Resources */ = {isa = PBXBuildFile; fileRef = 846B6AD028FDAB7E009D9DD9 /* CurrencyTVCell.xib */; };
		846B6AD428FDACD5009D9DD9 /* WalletML.swift in Sources */ = {isa = PBXBuildFile; fileRef = 846B6AD328FDACD5009D9DD9 /* WalletML.swift */; };
		849779B828FE53E200EFD1A0 /* gradient-stroke-loader.json in Resources */ = {isa = PBXBuildFile; fileRef = 849779B728FE53E200EFD1A0 /* gradient-stroke-loader.json */; };
		849779BA28FE59AB00EFD1A0 /* UserDefaultsExt.swift in Sources */ = {isa = PBXBuildFile; fileRef = 849779B928FE59AB00EFD1A0 /* UserDefaultsExt.swift */; };
		84C844E728FE991500C68941 /* CurrencyTypeTVCell.swift in Sources */ = {isa = PBXBuildFile; fileRef = 84C844E528FE991500C68941 /* CurrencyTypeTVCell.swift */; };
		84C844E828FE991500C68941 /* CurrencyTypeTVCell.xib in Resources */ = {isa = PBXBuildFile; fileRef = 84C844E628FE991500C68941 /* CurrencyTypeTVCell.xib */; };
		84C844EA28FEB24900C68941 /* UITextFieldExt.swift in Sources */ = {isa = PBXBuildFile; fileRef = 84C844E928FEB24900C68941 /* UITextFieldExt.swift */; };
		84C844EC28FEB56C00C68941 /* CurrencyRouter.swift in Sources */ = {isa = PBXBuildFile; fileRef = 84C844EB28FEB56C00C68941 /* CurrencyRouter.swift */; };
		84C844EE28FEBFBD00C68941 /* ExchangeML.swift in Sources */ = {isa = PBXBuildFile; fileRef = 84C844ED28FEBFBD00C68941 /* ExchangeML.swift */; };
		84E899DF28FD578000385AD2 /* APIManager.swift in Sources */ = {isa = PBXBuildFile; fileRef = 84E899DE28FD578000385AD2 /* APIManager.swift */; };
		84E899E228FD59F700385AD2 /* NetworkStatus.swift in Sources */ = {isa = PBXBuildFile; fileRef = 84E899E128FD59F700385AD2 /* NetworkStatus.swift */; };
		84E899E528FD674E00385AD2 /* BaseRouter.swift in Sources */ = {isa = PBXBuildFile; fileRef = 84E899E428FD674E00385AD2 /* BaseRouter.swift */; };
		84E899E728FD678700385AD2 /* APIConfiguration.swift in Sources */ = {isa = PBXBuildFile; fileRef = 84E899E628FD678700385AD2 /* APIConfiguration.swift */; };
		84E899E928FD682100385AD2 /* AppSettings.swift in Sources */ = {isa = PBXBuildFile; fileRef = 84E899E828FD682100385AD2 /* AppSettings.swift */; };
		84E899ED28FD6E2C00385AD2 /* CurrencyConverterVC.swift in Sources */ = {isa = PBXBuildFile; fileRef = 84E899EC28FD6E2C00385AD2 /* CurrencyConverterVC.swift */; };
		84E899F128FD6EFA00385AD2 /* BasicVC.swift in Sources */ = {isa = PBXBuildFile; fileRef = 84E899F028FD6EFA00385AD2 /* BasicVC.swift */; };
		84E899F328FD6F8800385AD2 /* BasicCVCell.swift in Sources */ = {isa = PBXBuildFile; fileRef = 84E899F228FD6F8800385AD2 /* BasicCVCell.swift */; };
		84E899F528FD6FB300385AD2 /* BasicTVCell.swift in Sources */ = {isa = PBXBuildFile; fileRef = 84E899F428FD6FB200385AD2 /* BasicTVCell.swift */; };
		84E899F728FD711600385AD2 /* NotificationExt.swift in Sources */ = {isa = PBXBuildFile; fileRef = 84E899F628FD711600385AD2 /* NotificationExt.swift */; };
		84E899FB28FD736E00385AD2 /* Utils.swift in Sources */ = {isa = PBXBuildFile; fileRef = 84E899FA28FD736E00385AD2 /* Utils.swift */; };
		84E89A0028FD77BA00385AD2 /* Currency.swift in Sources */ = {isa = PBXBuildFile; fileRef = 84E899FF28FD77BA00385AD2 /* Currency.swift */; };
		84E89A0228FD79A700385AD2 /* UIViewExt.swift in Sources */ = {isa = PBXBuildFile; fileRef = 84E89A0128FD79A700385AD2 /* UIViewExt.swift */; };
		84E89A0B28FD80AD00385AD2 /* CurrencyCVCell.swift in Sources */ = {isa = PBXBuildFile; fileRef = 84E89A0928FD80AD00385AD2 /* CurrencyCVCell.swift */; };
		84E89A0C28FD80AD00385AD2 /* CurrencyCVCell.xib in Resources */ = {isa = PBXBuildFile; fileRef = 84E89A0A28FD80AD00385AD2 /* CurrencyCVCell.xib */; };
		84E89A1228FD81D500385AD2 /* CurrencyConverterHeaderTVCell.swift in Sources */ = {isa = PBXBuildFile; fileRef = 84E89A1028FD81D500385AD2 /* CurrencyConverterHeaderTVCell.swift */; };
		84E89A1328FD81D500385AD2 /* CurrencyConverterHeaderTVCell.xib in Resources */ = {isa = PBXBuildFile; fileRef = 84E89A1128FD81D500385AD2 /* CurrencyConverterHeaderTVCell.xib */; };
		939414D216AEC0C8746CE831 /* Pods_PayTest.framework in Frameworks */ = {isa = PBXBuildFile; fileRef = E4EC7B9629D560B088107210 /* Pods_PayTest.framework */; };
		C05534FB2270BDA5FB969E75 /* Pods_PayTestTests.framework in Frameworks */ = {isa = PBXBuildFile; fileRef = A65CEB8508EF247872C3FAC6 /* Pods_PayTestTests.framework */; };
/* End PBXBuildFile section */

/* Begin PBXContainerItemProxy section */
		8413ABBA28FD51CE00DE8ECF /* PBXContainerItemProxy */ = {
			isa = PBXContainerItemProxy;
			containerPortal = 8413AB9828FD51C900DE8ECF /* Project object */;
			proxyType = 1;
			remoteGlobalIDString = 8413AB9F28FD51C900DE8ECF;
			remoteInfo = PayTest;
		};
		8413ABC428FD51CE00DE8ECF /* PBXContainerItemProxy */ = {
			isa = PBXContainerItemProxy;
			containerPortal = 8413AB9828FD51C900DE8ECF /* Project object */;
			proxyType = 1;
			remoteGlobalIDString = 8413AB9F28FD51C900DE8ECF;
			remoteInfo = PayTest;
		};
/* End PBXContainerItemProxy section */

/* Begin PBXFileReference section */
		19FDAFCE0704C8D2FB9A977F /* Pods-PayTest.debug.xcconfig */ = {isa = PBXFileReference; includeInIndex = 1; lastKnownFileType = text.xcconfig; name = "Pods-PayTest.debug.xcconfig"; path = "Target Support Files/Pods-PayTest/Pods-PayTest.debug.xcconfig"; sourceTree = "<group>"; };
		42414388AA1CAF197892A5FA /* Pods-PayTestTests.release.xcconfig */ = {isa = PBXFileReference; includeInIndex = 1; lastKnownFileType = text.xcconfig; name = "Pods-PayTestTests.release.xcconfig"; path = "Target Support Files/Pods-PayTestTests/Pods-PayTestTests.release.xcconfig"; sourceTree = "<group>"; };
		683F01E0E1BF881DC800C1B8 /* Pods-PayTest.release.xcconfig */ = {isa = PBXFileReference; includeInIndex = 1; lastKnownFileType = text.xcconfig; name = "Pods-PayTest.release.xcconfig"; path = "Target Support Files/Pods-PayTest/Pods-PayTest.release.xcconfig"; sourceTree = "<group>"; };
		736DCDE4AA4210B5747E7575 /* Pods-PayTest-PayTestUITests.debug.xcconfig */ = {isa = PBXFileReference; includeInIndex = 1; lastKnownFileType = text.xcconfig; name = "Pods-PayTest-PayTestUITests.debug.xcconfig"; path = "Target Support Files/Pods-PayTest-PayTestUITests/Pods-PayTest-PayTestUITests.debug.xcconfig"; sourceTree = "<group>"; };
		7BE158D7C6A3B1D68A35C603 /* Pods-PayTest-PayTestUITests.release.xcconfig */ = {isa = PBXFileReference; includeInIndex = 1; lastKnownFileType = text.xcconfig; name = "Pods-PayTest-PayTestUITests.release.xcconfig"; path = "Target Support Files/Pods-PayTest-PayTestUITests/Pods-PayTest-PayTestUITests.release.xcconfig"; sourceTree = "<group>"; };
		8413ABA028FD51C900DE8ECF /* PayTest.app */ = {isa = PBXFileReference; explicitFileType = wrapper.application; includeInIndex = 0; path = PayTest.app; sourceTree = BUILT_PRODUCTS_DIR; };
		8413ABA328FD51C900DE8ECF /* AppDelegate.swift */ = {isa = PBXFileReference; lastKnownFileType = sourcecode.swift; path = AppDelegate.swift; sourceTree = "<group>"; };
		8413ABAA28FD51C900DE8ECF /* Base */ = {isa = PBXFileReference; lastKnownFileType = file.storyboard; name = Base; path = Base.lproj/Main.storyboard; sourceTree = "<group>"; };
		8413ABAD28FD51C900DE8ECF /* PayTest.xcdatamodel */ = {isa = PBXFileReference; lastKnownFileType = wrapper.xcdatamodel; path = PayTest.xcdatamodel; sourceTree = "<group>"; };
		8413ABAF28FD51CE00DE8ECF /* Assets.xcassets */ = {isa = PBXFileReference; lastKnownFileType = folder.assetcatalog; path = Assets.xcassets; sourceTree = "<group>"; };
		8413ABB228FD51CE00DE8ECF /* Base */ = {isa = PBXFileReference; lastKnownFileType = file.storyboard; name = Base; path = Base.lproj/LaunchScreen.storyboard; sourceTree = "<group>"; };
		8413ABB428FD51CE00DE8ECF /* Info.plist */ = {isa = PBXFileReference; lastKnownFileType = text.plist.xml; path = Info.plist; sourceTree = "<group>"; };
		8413ABB928FD51CE00DE8ECF /* PayTestTests.xctest */ = {isa = PBXFileReference; explicitFileType = wrapper.cfbundle; includeInIndex = 0; path = PayTestTests.xctest; sourceTree = BUILT_PRODUCTS_DIR; };
		8413ABBD28FD51CE00DE8ECF /* PayTestTests.swift */ = {isa = PBXFileReference; lastKnownFileType = sourcecode.swift; path = PayTestTests.swift; sourceTree = "<group>"; };
		8413ABC328FD51CE00DE8ECF /* PayTestUITests.xctest */ = {isa = PBXFileReference; explicitFileType = wrapper.cfbundle; includeInIndex = 0; path = PayTestUITests.xctest; sourceTree = BUILT_PRODUCTS_DIR; };
		8413ABC728FD51CE00DE8ECF /* PayTestUITests.swift */ = {isa = PBXFileReference; lastKnownFileType = sourcecode.swift; path = PayTestUITests.swift; sourceTree = "<group>"; };
		8413ABC928FD51CE00DE8ECF /* PayTestUITestsLaunchTests.swift */ = {isa = PBXFileReference; lastKnownFileType = sourcecode.swift; path = PayTestUITestsLaunchTests.swift; sourceTree = "<group>"; };
		846B6AC528FD9E95009D9DD9 /* CurrencySellTVCell.swift */ = {isa = PBXFileReference; lastKnownFileType = sourcecode.swift; path = CurrencySellTVCell.swift; sourceTree = "<group>"; };
		846B6AC628FD9E95009D9DD9 /* CurrencySellTVCell.xib */ = {isa = PBXFileReference; lastKnownFileType = file.xib; path = CurrencySellTVCell.xib; sourceTree = "<group>"; };
		846B6ACA28FD9EB5009D9DD9 /* CurrencyRecieveTVCell.swift */ = {isa = PBXFileReference; lastKnownFileType = sourcecode.swift; path = CurrencyRecieveTVCell.swift; sourceTree = "<group>"; };
		846B6ACB28FD9EB5009D9DD9 /* CurrencyRecieveTVCell.xib */ = {isa = PBXFileReference; lastKnownFileType = file.xib; path = CurrencyRecieveTVCell.xib; sourceTree = "<group>"; };
		846B6ACF28FDAB7E009D9DD9 /* CurrencyTVCell.swift */ = {isa = PBXFileReference; lastKnownFileType = sourcecode.swift; path = CurrencyTVCell.swift; sourceTree = "<group>"; };
		846B6AD028FDAB7E009D9DD9 /* CurrencyTVCell.xib */ = {isa = PBXFileReference; lastKnownFileType = file.xib; path = CurrencyTVCell.xib; sourceTree = "<group>"; };
		846B6AD328FDACD5009D9DD9 /* WalletML.swift */ = {isa = PBXFileReference; lastKnownFileType = sourcecode.swift; path = WalletML.swift; sourceTree = "<group>"; };
		849779B728FE53E200EFD1A0 /* gradient-stroke-loader.json */ = {isa = PBXFileReference; fileEncoding = 4; lastKnownFileType = text.json; path = "gradient-stroke-loader.json"; sourceTree = "<group>"; };
		849779B928FE59AB00EFD1A0 /* UserDefaultsExt.swift */ = {isa = PBXFileReference; lastKnownFileType = sourcecode.swift; path = UserDefaultsExt.swift; sourceTree = "<group>"; };
		84C844E528FE991500C68941 /* CurrencyTypeTVCell.swift */ = {isa = PBXFileReference; fileEncoding = 4; lastKnownFileType = sourcecode.swift; path = CurrencyTypeTVCell.swift; sourceTree = "<group>"; };
		84C844E628FE991500C68941 /* CurrencyTypeTVCell.xib */ = {isa = PBXFileReference; fileEncoding = 4; lastKnownFileType = file.xib; path = CurrencyTypeTVCell.xib; sourceTree = "<group>"; };
		84C844E928FEB24900C68941 /* UITextFieldExt.swift */ = {isa = PBXFileReference; lastKnownFileType = sourcecode.swift; path = UITextFieldExt.swift; sourceTree = "<group>"; };
		84C844EB28FEB56C00C68941 /* CurrencyRouter.swift */ = {isa = PBXFileReference; lastKnownFileType = sourcecode.swift; path = CurrencyRouter.swift; sourceTree = "<group>"; };
		84C844ED28FEBFBD00C68941 /* ExchangeML.swift */ = {isa = PBXFileReference; lastKnownFileType = sourcecode.swift; path = ExchangeML.swift; sourceTree = "<group>"; };
		84E899DE28FD578000385AD2 /* APIManager.swift */ = {isa = PBXFileReference; lastKnownFileType = sourcecode.swift; path = APIManager.swift; sourceTree = "<group>"; };
		84E899E128FD59F700385AD2 /* NetworkStatus.swift */ = {isa = PBXFileReference; lastKnownFileType = sourcecode.swift; path = NetworkStatus.swift; sourceTree = "<group>"; };
		84E899E428FD674E00385AD2 /* BaseRouter.swift */ = {isa = PBXFileReference; lastKnownFileType = sourcecode.swift; path = BaseRouter.swift; sourceTree = "<group>"; };
		84E899E628FD678700385AD2 /* APIConfiguration.swift */ = {isa = PBXFileReference; lastKnownFileType = sourcecode.swift; path = APIConfiguration.swift; sourceTree = "<group>"; };
		84E899E828FD682100385AD2 /* AppSettings.swift */ = {isa = PBXFileReference; lastKnownFileType = sourcecode.swift; path = AppSettings.swift; sourceTree = "<group>"; };
		84E899EC28FD6E2C00385AD2 /* CurrencyConverterVC.swift */ = {isa = PBXFileReference; lastKnownFileType = sourcecode.swift; path = CurrencyConverterVC.swift; sourceTree = "<group>"; };
		84E899F028FD6EFA00385AD2 /* BasicVC.swift */ = {isa = PBXFileReference; lastKnownFileType = sourcecode.swift; path = BasicVC.swift; sourceTree = "<group>"; };
		84E899F228FD6F8800385AD2 /* BasicCVCell.swift */ = {isa = PBXFileReference; lastKnownFileType = sourcecode.swift; path = BasicCVCell.swift; sourceTree = "<group>"; };
		84E899F428FD6FB200385AD2 /* BasicTVCell.swift */ = {isa = PBXFileReference; lastKnownFileType = sourcecode.swift; path = BasicTVCell.swift; sourceTree = "<group>"; };
		84E899F628FD711600385AD2 /* NotificationExt.swift */ = {isa = PBXFileReference; lastKnownFileType = sourcecode.swift; path = NotificationExt.swift; sourceTree = "<group>"; };
		84E899FA28FD736E00385AD2 /* Utils.swift */ = {isa = PBXFileReference; lastKnownFileType = sourcecode.swift; path = Utils.swift; sourceTree = "<group>"; };
		84E899FF28FD77BA00385AD2 /* Currency.swift */ = {isa = PBXFileReference; lastKnownFileType = sourcecode.swift; path = Currency.swift; sourceTree = "<group>"; };
		84E89A0128FD79A700385AD2 /* UIViewExt.swift */ = {isa = PBXFileReference; lastKnownFileType = sourcecode.swift; path = UIViewExt.swift; sourceTree = "<group>"; };
		84E89A0928FD80AD00385AD2 /* CurrencyCVCell.swift */ = {isa = PBXFileReference; lastKnownFileType = sourcecode.swift; path = CurrencyCVCell.swift; sourceTree = "<group>"; };
		84E89A0A28FD80AD00385AD2 /* CurrencyCVCell.xib */ = {isa = PBXFileReference; lastKnownFileType = file.xib; path = CurrencyCVCell.xib; sourceTree = "<group>"; };
		84E89A1028FD81D500385AD2 /* CurrencyConverterHeaderTVCell.swift */ = {isa = PBXFileReference; lastKnownFileType = sourcecode.swift; path = CurrencyConverterHeaderTVCell.swift; sourceTree = "<group>"; };
		84E89A1128FD81D500385AD2 /* CurrencyConverterHeaderTVCell.xib */ = {isa = PBXFileReference; lastKnownFileType = file.xib; path = CurrencyConverterHeaderTVCell.xib; sourceTree = "<group>"; };
		8F0F437DFC775AD20D8EE819 /* Pods_PayTest_PayTestUITests.framework */ = {isa = PBXFileReference; explicitFileType = wrapper.framework; includeInIndex = 0; path = Pods_PayTest_PayTestUITests.framework; sourceTree = BUILT_PRODUCTS_DIR; };
		A65CEB8508EF247872C3FAC6 /* Pods_PayTestTests.framework */ = {isa = PBXFileReference; explicitFileType = wrapper.framework; includeInIndex = 0; path = Pods_PayTestTests.framework; sourceTree = BUILT_PRODUCTS_DIR; };
		A9D1C29EFF9273C1CEFC04C4 /* Pods-PayTestTests.debug.xcconfig */ = {isa = PBXFileReference; includeInIndex = 1; lastKnownFileType = text.xcconfig; name = "Pods-PayTestTests.debug.xcconfig"; path = "Target Support Files/Pods-PayTestTests/Pods-PayTestTests.debug.xcconfig"; sourceTree = "<group>"; };
		E4EC7B9629D560B088107210 /* Pods_PayTest.framework */ = {isa = PBXFileReference; explicitFileType = wrapper.framework; includeInIndex = 0; path = Pods_PayTest.framework; sourceTree = BUILT_PRODUCTS_DIR; };
/* End PBXFileReference section */

/* Begin PBXFrameworksBuildPhase section */
		8413AB9D28FD51C900DE8ECF /* Frameworks */ = {
			isa = PBXFrameworksBuildPhase;
			buildActionMask = 2147483647;
			files = (
				939414D216AEC0C8746CE831 /* Pods_PayTest.framework in Frameworks */,
			);
			runOnlyForDeploymentPostprocessing = 0;
		};
		8413ABB628FD51CE00DE8ECF /* Frameworks */ = {
			isa = PBXFrameworksBuildPhase;
			buildActionMask = 2147483647;
			files = (
				C05534FB2270BDA5FB969E75 /* Pods_PayTestTests.framework in Frameworks */,
			);
			runOnlyForDeploymentPostprocessing = 0;
		};
		8413ABC028FD51CE00DE8ECF /* Frameworks */ = {
			isa = PBXFrameworksBuildPhase;
			buildActionMask = 2147483647;
			files = (
				3E63534D6B99932ED5790BA6 /* Pods_PayTest_PayTestUITests.framework in Frameworks */,
			);
			runOnlyForDeploymentPostprocessing = 0;
		};
/* End PBXFrameworksBuildPhase section */

/* Begin PBXGroup section */
		20178F6966433E1A2F9C2BF2 /* Frameworks */ = {
			isa = PBXGroup;
			children = (
				E4EC7B9629D560B088107210 /* Pods_PayTest.framework */,
				8F0F437DFC775AD20D8EE819 /* Pods_PayTest_PayTestUITests.framework */,
				A65CEB8508EF247872C3FAC6 /* Pods_PayTestTests.framework */,
			);
			name = Frameworks;
			sourceTree = "<group>";
		};
		723BB4A48EEC04E67DD407CE /* Pods */ = {
			isa = PBXGroup;
			children = (
				19FDAFCE0704C8D2FB9A977F /* Pods-PayTest.debug.xcconfig */,
				683F01E0E1BF881DC800C1B8 /* Pods-PayTest.release.xcconfig */,
				736DCDE4AA4210B5747E7575 /* Pods-PayTest-PayTestUITests.debug.xcconfig */,
				7BE158D7C6A3B1D68A35C603 /* Pods-PayTest-PayTestUITests.release.xcconfig */,
				A9D1C29EFF9273C1CEFC04C4 /* Pods-PayTestTests.debug.xcconfig */,
				42414388AA1CAF197892A5FA /* Pods-PayTestTests.release.xcconfig */,
			);
			path = Pods;
			sourceTree = "<group>";
		};
		8413AB9728FD51C900DE8ECF = {
			isa = PBXGroup;
			children = (
				8413ABA228FD51C900DE8ECF /* PayTest */,
				8413ABBC28FD51CE00DE8ECF /* PayTestTests */,
				8413ABC628FD51CE00DE8ECF /* PayTestUITests */,
				8413ABA128FD51C900DE8ECF /* Products */,
				723BB4A48EEC04E67DD407CE /* Pods */,
				20178F6966433E1A2F9C2BF2 /* Frameworks */,
			);
			sourceTree = "<group>";
		};
		8413ABA128FD51C900DE8ECF /* Products */ = {
			isa = PBXGroup;
			children = (
				8413ABA028FD51C900DE8ECF /* PayTest.app */,
				8413ABB928FD51CE00DE8ECF /* PayTestTests.xctest */,
				8413ABC328FD51CE00DE8ECF /* PayTestUITests.xctest */,
			);
			name = Products;
			sourceTree = "<group>";
		};
		8413ABA228FD51C900DE8ECF /* PayTest */ = {
			isa = PBXGroup;
			children = (
				8413ABA328FD51C900DE8ECF /* AppDelegate.swift */,
				84E899E828FD682100385AD2 /* AppSettings.swift */,
				84E899EB28FD6DC300385AD2 /* Controllers */,
				84E899FE28FD776F00385AD2 /* Constants */,
				84E899DC28FD563300385AD2 /* Extensions */,
				84E899F928FD732B00385AD2 /* Utils */,
				84E899E028FD59DC00385AD2 /* Networking */,
				84E899DB28FD561400385AD2 /* Storyboards */,
				84E899FC28FD758200385AD2 /* Lottie */,
				8413ABAF28FD51CE00DE8ECF /* Assets.xcassets */,
				8413ABB428FD51CE00DE8ECF /* Info.plist */,
				8413ABAC28FD51C900DE8ECF /* PayTest.xcdatamodeld */,
			);
			path = PayTest;
			sourceTree = "<group>";
		};
		8413ABBC28FD51CE00DE8ECF /* PayTestTests */ = {
			isa = PBXGroup;
			children = (
				8413ABBD28FD51CE00DE8ECF /* PayTestTests.swift */,
			);
			path = PayTestTests;
			sourceTree = "<group>";
		};
		8413ABC628FD51CE00DE8ECF /* PayTestUITests */ = {
			isa = PBXGroup;
			children = (
				8413ABC728FD51CE00DE8ECF /* PayTestUITests.swift */,
				8413ABC928FD51CE00DE8ECF /* PayTestUITestsLaunchTests.swift */,
			);
			path = PayTestUITests;
			sourceTree = "<group>";
		};
		846B6AC428FD9E6F009D9DD9 /* CurrencySellTVCell */ = {
			isa = PBXGroup;
			children = (
				846B6AC528FD9E95009D9DD9 /* CurrencySellTVCell.swift */,
				846B6AC628FD9E95009D9DD9 /* CurrencySellTVCell.xib */,
			);
			path = CurrencySellTVCell;
			sourceTree = "<group>";
		};
		846B6AC928FD9E9E009D9DD9 /* CurrencyRecieveTVCell */ = {
			isa = PBXGroup;
			children = (
				846B6ACA28FD9EB5009D9DD9 /* CurrencyRecieveTVCell.swift */,
				846B6ACB28FD9EB5009D9DD9 /* CurrencyRecieveTVCell.xib */,
			);
			path = CurrencyRecieveTVCell;
			sourceTree = "<group>";
		};
		846B6ACE28FDAB64009D9DD9 /* CurrencyTVCell */ = {
			isa = PBXGroup;
			children = (
				846B6ACF28FDAB7E009D9DD9 /* CurrencyTVCell.swift */,
				846B6AD028FDAB7E009D9DD9 /* CurrencyTVCell.xib */,
			);
			path = CurrencyTVCell;
			sourceTree = "<group>";
		};
		849779BD28FE702F00EFD1A0 /* Popups */ = {
			isa = PBXGroup;
			children = (
				84C844E328FE991500C68941 /* DropDown */,
			);
			path = Popups;
			sourceTree = "<group>";
		};
		84C844E328FE991500C68941 /* DropDown */ = {
			isa = PBXGroup;
			children = (
				84C844E428FE991500C68941 /* Cells */,
			);
			path = DropDown;
			sourceTree = "<group>";
		};
		84C844E428FE991500C68941 /* Cells */ = {
			isa = PBXGroup;
			children = (
				84C844E528FE991500C68941 /* CurrencyTypeTVCell.swift */,
				84C844E628FE991500C68941 /* CurrencyTypeTVCell.xib */,
			);
			path = Cells;
			sourceTree = "<group>";
		};
		84E899DB28FD561400385AD2 /* Storyboards */ = {
			isa = PBXGroup;
			children = (
				8413ABA928FD51C900DE8ECF /* Main.storyboard */,
				8413ABB128FD51CE00DE8ECF /* LaunchScreen.storyboard */,
			);
			path = Storyboards;
			sourceTree = "<group>";
		};
		84E899DC28FD563300385AD2 /* Extensions */ = {
			isa = PBXGroup;
			children = (
				84E89A0128FD79A700385AD2 /* UIViewExt.swift */,
				84E899F628FD711600385AD2 /* NotificationExt.swift */,
				84C844E928FEB24900C68941 /* UITextFieldExt.swift */,
				849779B928FE59AB00EFD1A0 /* UserDefaultsExt.swift */,
			);
			path = Extensions;
			sourceTree = "<group>";
		};
		84E899DD28FD56A700385AD2 /* API Manager */ = {
			isa = PBXGroup;
			children = (
				84E899EA28FD6B6200385AD2 /* Models */,
				84E899E328FD674000385AD2 /* Routers */,
				84E899DE28FD578000385AD2 /* APIManager.swift */,
				84E899E628FD678700385AD2 /* APIConfiguration.swift */,
			);
			path = "API Manager";
			sourceTree = "<group>";
		};
		84E899E028FD59DC00385AD2 /* Networking */ = {
			isa = PBXGroup;
			children = (
				84E899DD28FD56A700385AD2 /* API Manager */,
				84E899E128FD59F700385AD2 /* NetworkStatus.swift */,
			);
			path = Networking;
			sourceTree = "<group>";
		};
		84E899E328FD674000385AD2 /* Routers */ = {
			isa = PBXGroup;
			children = (
				84E899E428FD674E00385AD2 /* BaseRouter.swift */,
				84C844EB28FEB56C00C68941 /* CurrencyRouter.swift */,
			);
			path = Routers;
			sourceTree = "<group>";
		};
		84E899EA28FD6B6200385AD2 /* Models */ = {
			isa = PBXGroup;
			children = (
				846B6AD328FDACD5009D9DD9 /* WalletML.swift */,
				84C844ED28FEBFBD00C68941 /* ExchangeML.swift */,
			);
			path = Models;
			sourceTree = "<group>";
		};
		84E899EB28FD6DC300385AD2 /* Controllers */ = {
			isa = PBXGroup;
			children = (
				84E899EE28FD6E4E00385AD2 /* Basic */,
				84E899EF28FD6E6500385AD2 /* Currency Converter */,
				849779BD28FE702F00EFD1A0 /* Popups */,
			);
			path = Controllers;
			sourceTree = "<group>";
		};
		84E899EE28FD6E4E00385AD2 /* Basic */ = {
			isa = PBXGroup;
			children = (
				84E899F028FD6EFA00385AD2 /* BasicVC.swift */,
				84E899F428FD6FB200385AD2 /* BasicTVCell.swift */,
				84E899F228FD6F8800385AD2 /* BasicCVCell.swift */,
			);
			path = Basic;
			sourceTree = "<group>";
		};
		84E899EF28FD6E6500385AD2 /* Currency Converter */ = {
			isa = PBXGroup;
			children = (
				84E899F828FD72D400385AD2 /* Cells */,
				84E899EC28FD6E2C00385AD2 /* CurrencyConverterVC.swift */,
			);
			path = "Currency Converter";
			sourceTree = "<group>";
		};
		84E899F828FD72D400385AD2 /* Cells */ = {
			isa = PBXGroup;
			children = (
				846B6ACE28FDAB64009D9DD9 /* CurrencyTVCell */,
				84E89A0D28FD811000385AD2 /* CurrencyCVCell */,
				846B6AC928FD9E9E009D9DD9 /* CurrencyRecieveTVCell */,
				846B6AC428FD9E6F009D9DD9 /* CurrencySellTVCell */,
				84E89A0F28FD814A00385AD2 /* CurrencyConverterHeaderTVCell */,
			);
			path = Cells;
			sourceTree = "<group>";
		};
		84E899F928FD732B00385AD2 /* Utils */ = {
			isa = PBXGroup;
			children = (
				84E899FA28FD736E00385AD2 /* Utils.swift */,
			);
			path = Utils;
			sourceTree = "<group>";
		};
		84E899FC28FD758200385AD2 /* Lottie */ = {
			isa = PBXGroup;
			children = (
				84E899FD28FD758F00385AD2 /* JSON */,
			);
			path = Lottie;
			sourceTree = "<group>";
		};
		84E899FD28FD758F00385AD2 /* JSON */ = {
			isa = PBXGroup;
			children = (
				849779B728FE53E200EFD1A0 /* gradient-stroke-loader.json */,
			);
			path = JSON;
			sourceTree = "<group>";
		};
		84E899FE28FD776F00385AD2 /* Constants */ = {
			isa = PBXGroup;
			children = (
				84E899FF28FD77BA00385AD2 /* Currency.swift */,
			);
			path = Constants;
			sourceTree = "<group>";
		};
		84E89A0D28FD811000385AD2 /* CurrencyCVCell */ = {
			isa = PBXGroup;
			children = (
				84E89A0928FD80AD00385AD2 /* CurrencyCVCell.swift */,
				84E89A0A28FD80AD00385AD2 /* CurrencyCVCell.xib */,
			);
			path = CurrencyCVCell;
			sourceTree = "<group>";
		};
		84E89A0F28FD814A00385AD2 /* CurrencyConverterHeaderTVCell */ = {
			isa = PBXGroup;
			children = (
				84E89A1028FD81D500385AD2 /* CurrencyConverterHeaderTVCell.swift */,
				84E89A1128FD81D500385AD2 /* CurrencyConverterHeaderTVCell.xib */,
			);
			path = CurrencyConverterHeaderTVCell;
			sourceTree = "<group>";
		};
/* End PBXGroup section */

/* Begin PBXNativeTarget section */
		8413AB9F28FD51C900DE8ECF /* PayTest */ = {
			isa = PBXNativeTarget;
			buildConfigurationList = 8413ABCD28FD51CE00DE8ECF /* Build configuration list for PBXNativeTarget "PayTest" */;
			buildPhases = (
				BBDA70D003EA8B5DFD57E86B /* [CP] Check Pods Manifest.lock */,
				8413AB9C28FD51C900DE8ECF /* Sources */,
				8413AB9D28FD51C900DE8ECF /* Frameworks */,
				8413AB9E28FD51C900DE8ECF /* Resources */,
				A0732A34D406C4351F8563B7 /* [CP] Embed Pods Frameworks */,
			);
			buildRules = (
			);
			dependencies = (
			);
			name = PayTest;
			productName = PayTest;
			productReference = 8413ABA028FD51C900DE8ECF /* PayTest.app */;
			productType = "com.apple.product-type.application";
		};
		8413ABB828FD51CE00DE8ECF /* PayTestTests */ = {
			isa = PBXNativeTarget;
			buildConfigurationList = 8413ABD028FD51CE00DE8ECF /* Build configuration list for PBXNativeTarget "PayTestTests" */;
			buildPhases = (
				02802C5B8E36030E9264D38E /* [CP] Check Pods Manifest.lock */,
				8413ABB528FD51CE00DE8ECF /* Sources */,
				8413ABB628FD51CE00DE8ECF /* Frameworks */,
				8413ABB728FD51CE00DE8ECF /* Resources */,
			);
			buildRules = (
			);
			dependencies = (
				8413ABBB28FD51CE00DE8ECF /* PBXTargetDependency */,
			);
			name = PayTestTests;
			productName = PayTestTests;
			productReference = 8413ABB928FD51CE00DE8ECF /* PayTestTests.xctest */;
			productType = "com.apple.product-type.bundle.unit-test";
		};
		8413ABC228FD51CE00DE8ECF /* PayTestUITests */ = {
			isa = PBXNativeTarget;
			buildConfigurationList = 8413ABD328FD51CE00DE8ECF /* Build configuration list for PBXNativeTarget "PayTestUITests" */;
			buildPhases = (
				7E28B1050E594E8A40BD8245 /* [CP] Check Pods Manifest.lock */,
				8413ABBF28FD51CE00DE8ECF /* Sources */,
				8413ABC028FD51CE00DE8ECF /* Frameworks */,
				8413ABC128FD51CE00DE8ECF /* Resources */,
				E8D502B316BEBC7490941099 /* [CP] Embed Pods Frameworks */,
			);
			buildRules = (
			);
			dependencies = (
				8413ABC528FD51CE00DE8ECF /* PBXTargetDependency */,
			);
			name = PayTestUITests;
			productName = PayTestUITests;
			productReference = 8413ABC328FD51CE00DE8ECF /* PayTestUITests.xctest */;
			productType = "com.apple.product-type.bundle.ui-testing";
		};
/* End PBXNativeTarget section */

/* Begin PBXProject section */
		8413AB9828FD51C900DE8ECF /* Project object */ = {
			isa = PBXProject;
			attributes = {
				BuildIndependentTargetsInParallel = 1;
				LastSwiftUpdateCheck = 1400;
				LastUpgradeCheck = 1400;
				TargetAttributes = {
					8413AB9F28FD51C900DE8ECF = {
						CreatedOnToolsVersion = 14.0.1;
					};
					8413ABB828FD51CE00DE8ECF = {
						CreatedOnToolsVersion = 14.0.1;
						TestTargetID = 8413AB9F28FD51C900DE8ECF;
					};
					8413ABC228FD51CE00DE8ECF = {
						CreatedOnToolsVersion = 14.0.1;
						TestTargetID = 8413AB9F28FD51C900DE8ECF;
					};
				};
			};
			buildConfigurationList = 8413AB9B28FD51C900DE8ECF /* Build configuration list for PBXProject "PayTest" */;
			compatibilityVersion = "Xcode 14.0";
			developmentRegion = en;
			hasScannedForEncodings = 0;
			knownRegions = (
				en,
				Base,
			);
			mainGroup = 8413AB9728FD51C900DE8ECF;
			productRefGroup = 8413ABA128FD51C900DE8ECF /* Products */;
			projectDirPath = "";
			projectRoot = "";
			targets = (
				8413AB9F28FD51C900DE8ECF /* PayTest */,
				8413ABB828FD51CE00DE8ECF /* PayTestTests */,
				8413ABC228FD51CE00DE8ECF /* PayTestUITests */,
			);
		};
/* End PBXProject section */

/* Begin PBXResourcesBuildPhase section */
		8413AB9E28FD51C900DE8ECF /* Resources */ = {
			isa = PBXResourcesBuildPhase;
			buildActionMask = 2147483647;
			files = (
				846B6AD228FDAB7E009D9DD9 /* CurrencyTVCell.xib in Resources */,
				849779B828FE53E200EFD1A0 /* gradient-stroke-loader.json in Resources */,
				846B6AC828FD9E95009D9DD9 /* CurrencySellTVCell.xib in Resources */,
				84E89A0C28FD80AD00385AD2 /* CurrencyCVCell.xib in Resources */,
				84C844E828FE991500C68941 /* CurrencyTypeTVCell.xib in Resources */,
				8413ABB328FD51CE00DE8ECF /* LaunchScreen.storyboard in Resources */,
				8413ABB028FD51CE00DE8ECF /* Assets.xcassets in Resources */,
				8413ABAB28FD51C900DE8ECF /* Main.storyboard in Resources */,
				84E89A1328FD81D500385AD2 /* CurrencyConverterHeaderTVCell.xib in Resources */,
				846B6ACD28FD9EB5009D9DD9 /* CurrencyRecieveTVCell.xib in Resources */,
			);
			runOnlyForDeploymentPostprocessing = 0;
		};
		8413ABB728FD51CE00DE8ECF /* Resources */ = {
			isa = PBXResourcesBuildPhase;
			buildActionMask = 2147483647;
			files = (
			);
			runOnlyForDeploymentPostprocessing = 0;
		};
		8413ABC128FD51CE00DE8ECF /* Resources */ = {
			isa = PBXResourcesBuildPhase;
			buildActionMask = 2147483647;
			files = (
			);
			runOnlyForDeploymentPostprocessing = 0;
		};
/* End PBXResourcesBuildPhase section */

/* Begin PBXShellScriptBuildPhase section */
		02802C5B8E36030E9264D38E /* [CP] Check Pods Manifest.lock */ = {
			isa = PBXShellScriptBuildPhase;
			buildActionMask = 2147483647;
			files = (
			);
			inputFileListPaths = (
			);
			inputPaths = (
				"${PODS_PODFILE_DIR_PATH}/Podfile.lock",
				"${PODS_ROOT}/Manifest.lock",
			);
			name = "[CP] Check Pods Manifest.lock";
			outputFileListPaths = (
			);
			outputPaths = (
				"$(DERIVED_FILE_DIR)/Pods-PayTestTests-checkManifestLockResult.txt",
			);
			runOnlyForDeploymentPostprocessing = 0;
			shellPath = /bin/sh;
			shellScript = "diff \"${PODS_PODFILE_DIR_PATH}/Podfile.lock\" \"${PODS_ROOT}/Manifest.lock\" > /dev/null\nif [ $? != 0 ] ; then\n    # print error to STDERR\n    echo \"error: The sandbox is not in sync with the Podfile.lock. Run 'pod install' or update your CocoaPods installation.\" >&2\n    exit 1\nfi\n# This output is used by Xcode 'outputs' to avoid re-running this script phase.\necho \"SUCCESS\" > \"${SCRIPT_OUTPUT_FILE_0}\"\n";
			showEnvVarsInLog = 0;
		};
		7E28B1050E594E8A40BD8245 /* [CP] Check Pods Manifest.lock */ = {
			isa = PBXShellScriptBuildPhase;
			buildActionMask = 2147483647;
			files = (
			);
			inputFileListPaths = (
			);
			inputPaths = (
				"${PODS_PODFILE_DIR_PATH}/Podfile.lock",
				"${PODS_ROOT}/Manifest.lock",
			);
			name = "[CP] Check Pods Manifest.lock";
			outputFileListPaths = (
			);
			outputPaths = (
				"$(DERIVED_FILE_DIR)/Pods-PayTest-PayTestUITests-checkManifestLockResult.txt",
			);
			runOnlyForDeploymentPostprocessing = 0;
			shellPath = /bin/sh;
			shellScript = "diff \"${PODS_PODFILE_DIR_PATH}/Podfile.lock\" \"${PODS_ROOT}/Manifest.lock\" > /dev/null\nif [ $? != 0 ] ; then\n    # print error to STDERR\n    echo \"error: The sandbox is not in sync with the Podfile.lock. Run 'pod install' or update your CocoaPods installation.\" >&2\n    exit 1\nfi\n# This output is used by Xcode 'outputs' to avoid re-running this script phase.\necho \"SUCCESS\" > \"${SCRIPT_OUTPUT_FILE_0}\"\n";
			showEnvVarsInLog = 0;
		};
		A0732A34D406C4351F8563B7 /* [CP] Embed Pods Frameworks */ = {
			isa = PBXShellScriptBuildPhase;
			buildActionMask = 2147483647;
			files = (
			);
			inputFileListPaths = (
				"${PODS_ROOT}/Target Support Files/Pods-PayTest/Pods-PayTest-frameworks-${CONFIGURATION}-input-files.xcfilelist",
			);
			name = "[CP] Embed Pods Frameworks";
			outputFileListPaths = (
				"${PODS_ROOT}/Target Support Files/Pods-PayTest/Pods-PayTest-frameworks-${CONFIGURATION}-output-files.xcfilelist",
			);
			runOnlyForDeploymentPostprocessing = 0;
			shellPath = /bin/sh;
			shellScript = "\"${PODS_ROOT}/Target Support Files/Pods-PayTest/Pods-PayTest-frameworks.sh\"\n";
			showEnvVarsInLog = 0;
		};
		BBDA70D003EA8B5DFD57E86B /* [CP] Check Pods Manifest.lock */ = {
			isa = PBXShellScriptBuildPhase;
			buildActionMask = 2147483647;
			files = (
			);
			inputFileListPaths = (
			);
			inputPaths = (
				"${PODS_PODFILE_DIR_PATH}/Podfile.lock",
				"${PODS_ROOT}/Manifest.lock",
			);
			name = "[CP] Check Pods Manifest.lock";
			outputFileListPaths = (
			);
			outputPaths = (
				"$(DERIVED_FILE_DIR)/Pods-PayTest-checkManifestLockResult.txt",
			);
			runOnlyForDeploymentPostprocessing = 0;
			shellPath = /bin/sh;
			shellScript = "diff \"${PODS_PODFILE_DIR_PATH}/Podfile.lock\" \"${PODS_ROOT}/Manifest.lock\" > /dev/null\nif [ $? != 0 ] ; then\n    # print error to STDERR\n    echo \"error: The sandbox is not in sync with the Podfile.lock. Run 'pod install' or update your CocoaPods installation.\" >&2\n    exit 1\nfi\n# This output is used by Xcode 'outputs' to avoid re-running this script phase.\necho \"SUCCESS\" > \"${SCRIPT_OUTPUT_FILE_0}\"\n";
			showEnvVarsInLog = 0;
		};
		E8D502B316BEBC7490941099 /* [CP] Embed Pods Frameworks */ = {
			isa = PBXShellScriptBuildPhase;
			buildActionMask = 2147483647;
			files = (
			);
			inputFileListPaths = (
				"${PODS_ROOT}/Target Support Files/Pods-PayTest-PayTestUITests/Pods-PayTest-PayTestUITests-frameworks-${CONFIGURATION}-input-files.xcfilelist",
			);
			name = "[CP] Embed Pods Frameworks";
			outputFileListPaths = (
				"${PODS_ROOT}/Target Support Files/Pods-PayTest-PayTestUITests/Pods-PayTest-PayTestUITests-frameworks-${CONFIGURATION}-output-files.xcfilelist",
			);
			runOnlyForDeploymentPostprocessing = 0;
			shellPath = /bin/sh;
			shellScript = "\"${PODS_ROOT}/Target Support Files/Pods-PayTest-PayTestUITests/Pods-PayTest-PayTestUITests-frameworks.sh\"\n";
			showEnvVarsInLog = 0;
		};
/* End PBXShellScriptBuildPhase section */

/* Begin PBXSourcesBuildPhase section */
		8413AB9C28FD51C900DE8ECF /* Sources */ = {
			isa = PBXSourcesBuildPhase;
			buildActionMask = 2147483647;
			files = (
				84E899ED28FD6E2C00385AD2 /* CurrencyConverterVC.swift in Sources */,
				84E899DF28FD578000385AD2 /* APIManager.swift in Sources */,
				84E899E528FD674E00385AD2 /* BaseRouter.swift in Sources */,
				8413ABA428FD51C900DE8ECF /* AppDelegate.swift in Sources */,
				849779BA28FE59AB00EFD1A0 /* UserDefaultsExt.swift in Sources */,
				846B6AC728FD9E95009D9DD9 /* CurrencySellTVCell.swift in Sources */,
				84E899E228FD59F700385AD2 /* NetworkStatus.swift in Sources */,
				84E899FB28FD736E00385AD2 /* Utils.swift in Sources */,
				84E899F328FD6F8800385AD2 /* BasicCVCell.swift in Sources */,
				84E89A0B28FD80AD00385AD2 /* CurrencyCVCell.swift in Sources */,
				846B6ACC28FD9EB5009D9DD9 /* CurrencyRecieveTVCell.swift in Sources */,
				84E899E728FD678700385AD2 /* APIConfiguration.swift in Sources */,
				84E89A0028FD77BA00385AD2 /* Currency.swift in Sources */,
				84C844EE28FEBFBD00C68941 /* ExchangeML.swift in Sources */,
				84E899F528FD6FB300385AD2 /* BasicTVCell.swift in Sources */,
				84E89A1228FD81D500385AD2 /* CurrencyConverterHeaderTVCell.swift in Sources */,
				84C844EC28FEB56C00C68941 /* CurrencyRouter.swift in Sources */,
				84C844EA28FEB24900C68941 /* UITextFieldExt.swift in Sources */,
				84E899F728FD711600385AD2 /* NotificationExt.swift in Sources */,
				84E899F128FD6EFA00385AD2 /* BasicVC.swift in Sources */,
				846B6AD128FDAB7E009D9DD9 /* CurrencyTVCell.swift in Sources */,
				84C844E728FE991500C68941 /* CurrencyTypeTVCell.swift in Sources */,
				84E89A0228FD79A700385AD2 /* UIViewExt.swift in Sources */,
				84E899E928FD682100385AD2 /* AppSettings.swift in Sources */,
				846B6AD428FDACD5009D9DD9 /* WalletML.swift in Sources */,
				8413ABAE28FD51C900DE8ECF /* PayTest.xcdatamodeld in Sources */,
			);
			runOnlyForDeploymentPostprocessing = 0;
		};
		8413ABB528FD51CE00DE8ECF /* Sources */ = {
			isa = PBXSourcesBuildPhase;
			buildActionMask = 2147483647;
			files = (
				8413ABBE28FD51CE00DE8ECF /* PayTestTests.swift in Sources */,
			);
			runOnlyForDeploymentPostprocessing = 0;
		};
		8413ABBF28FD51CE00DE8ECF /* Sources */ = {
			isa = PBXSourcesBuildPhase;
			buildActionMask = 2147483647;
			files = (
				8413ABC828FD51CE00DE8ECF /* PayTestUITests.swift in Sources */,
				8413ABCA28FD51CE00DE8ECF /* PayTestUITestsLaunchTests.swift in Sources */,
			);
			runOnlyForDeploymentPostprocessing = 0;
		};
/* End PBXSourcesBuildPhase section */

/* Begin PBXTargetDependency section */
		8413ABBB28FD51CE00DE8ECF /* PBXTargetDependency */ = {
			isa = PBXTargetDependency;
			target = 8413AB9F28FD51C900DE8ECF /* PayTest */;
			targetProxy = 8413ABBA28FD51CE00DE8ECF /* PBXContainerItemProxy */;
		};
		8413ABC528FD51CE00DE8ECF /* PBXTargetDependency */ = {
			isa = PBXTargetDependency;
			target = 8413AB9F28FD51C900DE8ECF /* PayTest */;
			targetProxy = 8413ABC428FD51CE00DE8ECF /* PBXContainerItemProxy */;
		};
/* End PBXTargetDependency section */

/* Begin PBXVariantGroup section */
		8413ABA928FD51C900DE8ECF /* Main.storyboard */ = {
			isa = PBXVariantGroup;
			children = (
				8413ABAA28FD51C900DE8ECF /* Base */,
			);
			name = Main.storyboard;
			sourceTree = "<group>";
		};
		8413ABB128FD51CE00DE8ECF /* LaunchScreen.storyboard */ = {
			isa = PBXVariantGroup;
			children = (
				8413ABB228FD51CE00DE8ECF /* Base */,
			);
			name = LaunchScreen.storyboard;
			sourceTree = "<group>";
		};
/* End PBXVariantGroup section */

/* Begin XCBuildConfiguration section */
		8413ABCB28FD51CE00DE8ECF /* Debug */ = {
			isa = XCBuildConfiguration;
			buildSettings = {
				ALWAYS_SEARCH_USER_PATHS = NO;
				CLANG_ANALYZER_NONNULL = YES;
				CLANG_ANALYZER_NUMBER_OBJECT_CONVERSION = YES_AGGRESSIVE;
				CLANG_CXX_LANGUAGE_STANDARD = "gnu++20";
				CLANG_ENABLE_MODULES = YES;
				CLANG_ENABLE_OBJC_ARC = YES;
				CLANG_ENABLE_OBJC_WEAK = YES;
				CLANG_WARN_BLOCK_CAPTURE_AUTORELEASING = YES;
				CLANG_WARN_BOOL_CONVERSION = YES;
				CLANG_WARN_COMMA = YES;
				CLANG_WARN_CONSTANT_CONVERSION = YES;
				CLANG_WARN_DEPRECATED_OBJC_IMPLEMENTATIONS = YES;
				CLANG_WARN_DIRECT_OBJC_ISA_USAGE = YES_ERROR;
				CLANG_WARN_DOCUMENTATION_COMMENTS = YES;
				CLANG_WARN_EMPTY_BODY = YES;
				CLANG_WARN_ENUM_CONVERSION = YES;
				CLANG_WARN_INFINITE_RECURSION = YES;
				CLANG_WARN_INT_CONVERSION = YES;
				CLANG_WARN_NON_LITERAL_NULL_CONVERSION = YES;
				CLANG_WARN_OBJC_IMPLICIT_RETAIN_SELF = YES;
				CLANG_WARN_OBJC_LITERAL_CONVERSION = YES;
				CLANG_WARN_OBJC_ROOT_CLASS = YES_ERROR;
				CLANG_WARN_QUOTED_INCLUDE_IN_FRAMEWORK_HEADER = YES;
				CLANG_WARN_RANGE_LOOP_ANALYSIS = YES;
				CLANG_WARN_STRICT_PROTOTYPES = YES;
				CLANG_WARN_SUSPICIOUS_MOVE = YES;
				CLANG_WARN_UNGUARDED_AVAILABILITY = YES_AGGRESSIVE;
				CLANG_WARN_UNREACHABLE_CODE = YES;
				CLANG_WARN__DUPLICATE_METHOD_MATCH = YES;
				COPY_PHASE_STRIP = NO;
				DEBUG_INFORMATION_FORMAT = dwarf;
				ENABLE_STRICT_OBJC_MSGSEND = YES;
				ENABLE_TESTABILITY = YES;
				GCC_C_LANGUAGE_STANDARD = gnu11;
				GCC_DYNAMIC_NO_PIC = NO;
				GCC_NO_COMMON_BLOCKS = YES;
				GCC_OPTIMIZATION_LEVEL = 0;
				GCC_PREPROCESSOR_DEFINITIONS = (
					"DEBUG=1",
					"$(inherited)",
				);
				GCC_WARN_64_TO_32_BIT_CONVERSION = YES;
				GCC_WARN_ABOUT_RETURN_TYPE = YES_ERROR;
				GCC_WARN_UNDECLARED_SELECTOR = YES;
				GCC_WARN_UNINITIALIZED_AUTOS = YES_AGGRESSIVE;
				GCC_WARN_UNUSED_FUNCTION = YES;
				GCC_WARN_UNUSED_VARIABLE = YES;
				IPHONEOS_DEPLOYMENT_TARGET = 16.0;
				MTL_ENABLE_DEBUG_INFO = INCLUDE_SOURCE;
				MTL_FAST_MATH = YES;
				ONLY_ACTIVE_ARCH = YES;
				SDKROOT = iphoneos;
				SWIFT_ACTIVE_COMPILATION_CONDITIONS = DEBUG;
				SWIFT_OPTIMIZATION_LEVEL = "-Onone";
			};
			name = Debug;
		};
		8413ABCC28FD51CE00DE8ECF /* Release */ = {
			isa = XCBuildConfiguration;
			buildSettings = {
				ALWAYS_SEARCH_USER_PATHS = NO;
				CLANG_ANALYZER_NONNULL = YES;
				CLANG_ANALYZER_NUMBER_OBJECT_CONVERSION = YES_AGGRESSIVE;
				CLANG_CXX_LANGUAGE_STANDARD = "gnu++20";
				CLANG_ENABLE_MODULES = YES;
				CLANG_ENABLE_OBJC_ARC = YES;
				CLANG_ENABLE_OBJC_WEAK = YES;
				CLANG_WARN_BLOCK_CAPTURE_AUTORELEASING = YES;
				CLANG_WARN_BOOL_CONVERSION = YES;
				CLANG_WARN_COMMA = YES;
				CLANG_WARN_CONSTANT_CONVERSION = YES;
				CLANG_WARN_DEPRECATED_OBJC_IMPLEMENTATIONS = YES;
				CLANG_WARN_DIRECT_OBJC_ISA_USAGE = YES_ERROR;
				CLANG_WARN_DOCUMENTATION_COMMENTS = YES;
				CLANG_WARN_EMPTY_BODY = YES;
				CLANG_WARN_ENUM_CONVERSION = YES;
				CLANG_WARN_INFINITE_RECURSION = YES;
				CLANG_WARN_INT_CONVERSION = YES;
				CLANG_WARN_NON_LITERAL_NULL_CONVERSION = YES;
				CLANG_WARN_OBJC_IMPLICIT_RETAIN_SELF = YES;
				CLANG_WARN_OBJC_LITERAL_CONVERSION = YES;
				CLANG_WARN_OBJC_ROOT_CLASS = YES_ERROR;
				CLANG_WARN_QUOTED_INCLUDE_IN_FRAMEWORK_HEADER = YES;
				CLANG_WARN_RANGE_LOOP_ANALYSIS = YES;
				CLANG_WARN_STRICT_PROTOTYPES = YES;
				CLANG_WARN_SUSPICIOUS_MOVE = YES;
				CLANG_WARN_UNGUARDED_AVAILABILITY = YES_AGGRESSIVE;
				CLANG_WARN_UNREACHABLE_CODE = YES;
				CLANG_WARN__DUPLICATE_METHOD_MATCH = YES;
				COPY_PHASE_STRIP = NO;
				DEBUG_INFORMATION_FORMAT = "dwarf-with-dsym";
				ENABLE_NS_ASSERTIONS = NO;
				ENABLE_STRICT_OBJC_MSGSEND = YES;
				GCC_C_LANGUAGE_STANDARD = gnu11;
				GCC_NO_COMMON_BLOCKS = YES;
				GCC_WARN_64_TO_32_BIT_CONVERSION = YES;
				GCC_WARN_ABOUT_RETURN_TYPE = YES_ERROR;
				GCC_WARN_UNDECLARED_SELECTOR = YES;
				GCC_WARN_UNINITIALIZED_AUTOS = YES_AGGRESSIVE;
				GCC_WARN_UNUSED_FUNCTION = YES;
				GCC_WARN_UNUSED_VARIABLE = YES;
				IPHONEOS_DEPLOYMENT_TARGET = 16.0;
				MTL_ENABLE_DEBUG_INFO = NO;
				MTL_FAST_MATH = YES;
				SDKROOT = iphoneos;
				SWIFT_COMPILATION_MODE = wholemodule;
				SWIFT_OPTIMIZATION_LEVEL = "-O";
				VALIDATE_PRODUCT = YES;
			};
			name = Release;
		};
		8413ABCE28FD51CE00DE8ECF /* Debug */ = {
			isa = XCBuildConfiguration;
			baseConfigurationReference = 19FDAFCE0704C8D2FB9A977F /* Pods-PayTest.debug.xcconfig */;
			buildSettings = {
				ASSETCATALOG_COMPILER_APPICON_NAME = AppIcon;
				ASSETCATALOG_COMPILER_GLOBAL_ACCENT_COLOR_NAME = AccentColor;
				CODE_SIGN_STYLE = Automatic;
				CURRENT_PROJECT_VERSION = 1;
				DEVELOPMENT_TEAM = N4M3759P9C;
				GENERATE_INFOPLIST_FILE = YES;
				INFOPLIST_FILE = PayTest/Info.plist;
				INFOPLIST_KEY_CFBundleDisplayName = PayTest;
				INFOPLIST_KEY_LSApplicationCategoryType = "public.app-category.finance";
				INFOPLIST_KEY_UIApplicationSupportsIndirectInputEvents = YES;
				INFOPLIST_KEY_UILaunchStoryboardName = LaunchScreen;
				INFOPLIST_KEY_UIMainStoryboardFile = Main;
				INFOPLIST_KEY_UISupportedInterfaceOrientations = UIInterfaceOrientationPortrait;
				INFOPLIST_KEY_UISupportedInterfaceOrientations_iPad = "UIInterfaceOrientationLandscapeLeft UIInterfaceOrientationLandscapeRight UIInterfaceOrientationPortrait UIInterfaceOrientationPortraitUpsideDown";
				IPHONEOS_DEPLOYMENT_TARGET = 13.0;
				LD_RUNPATH_SEARCH_PATHS = (
					"$(inherited)",
					"@executable_path/Frameworks",
				);
				MARKETING_VERSION = 1.0;
				PRODUCT_BUNDLE_IDENTIFIER = com.PayTest;
				PRODUCT_NAME = "$(TARGET_NAME)";
				SUPPORTED_PLATFORMS = "iphoneos iphonesimulator";
				SUPPORTS_MACCATALYST = NO;
				SUPPORTS_MAC_DESIGNED_FOR_IPHONE_IPAD = NO;
				SWIFT_EMIT_LOC_STRINGS = YES;
				SWIFT_VERSION = 5.0;
				TARGETED_DEVICE_FAMILY = 1;
			};
			name = Debug;
		};
		8413ABCF28FD51CE00DE8ECF /* Release */ = {
			isa = XCBuildConfiguration;
			baseConfigurationReference = 683F01E0E1BF881DC800C1B8 /* Pods-PayTest.release.xcconfig */;
			buildSettings = {
				ASSETCATALOG_COMPILER_APPICON_NAME = AppIcon;
				ASSETCATALOG_COMPILER_GLOBAL_ACCENT_COLOR_NAME = AccentColor;
				CODE_SIGN_STYLE = Automatic;
				CURRENT_PROJECT_VERSION = 1;
				DEVELOPMENT_TEAM = N4M3759P9C;
				GENERATE_INFOPLIST_FILE = YES;
				INFOPLIST_FILE = PayTest/Info.plist;
				INFOPLIST_KEY_CFBundleDisplayName = PayTest;
				INFOPLIST_KEY_LSApplicationCategoryType = "public.app-category.finance";
				INFOPLIST_KEY_UIApplicationSupportsIndirectInputEvents = YES;
				INFOPLIST_KEY_UILaunchStoryboardName = LaunchScreen;
				INFOPLIST_KEY_UIMainStoryboardFile = Main;
				INFOPLIST_KEY_UISupportedInterfaceOrientations = UIInterfaceOrientationPortrait;
				INFOPLIST_KEY_UISupportedInterfaceOrientations_iPad = "UIInterfaceOrientationLandscapeLeft UIInterfaceOrientationLandscapeRight UIInterfaceOrientationPortrait UIInterfaceOrientationPortraitUpsideDown";
				IPHONEOS_DEPLOYMENT_TARGET = 13.0;
				LD_RUNPATH_SEARCH_PATHS = (
					"$(inherited)",
					"@executable_path/Frameworks",
				);
				MARKETING_VERSION = 1.0;
				PRODUCT_BUNDLE_IDENTIFIER = com.PayTest;
				PRODUCT_NAME = "$(TARGET_NAME)";
				SUPPORTED_PLATFORMS = "iphoneos iphonesimulator";
				SUPPORTS_MACCATALYST = NO;
				SUPPORTS_MAC_DESIGNED_FOR_IPHONE_IPAD = NO;
				SWIFT_EMIT_LOC_STRINGS = YES;
				SWIFT_VERSION = 5.0;
				TARGETED_DEVICE_FAMILY = 1;
			};
			name = Release;
		};
		8413ABD128FD51CE00DE8ECF /* Debug */ = {
			isa = XCBuildConfiguration;
			baseConfigurationReference = A9D1C29EFF9273C1CEFC04C4 /* Pods-PayTestTests.debug.xcconfig */;
			buildSettings = {
				ALWAYS_EMBED_SWIFT_STANDARD_LIBRARIES = YES;
				BUNDLE_LOADER = "$(TEST_HOST)";
				CODE_SIGN_STYLE = Automatic;
				CURRENT_PROJECT_VERSION = 1;
				DEVELOPMENT_TEAM = N4M3759P9C;
				GENERATE_INFOPLIST_FILE = YES;
				IPHONEOS_DEPLOYMENT_TARGET = 16.0;
				MARKETING_VERSION = 1.0;
				PRODUCT_BUNDLE_IDENTIFIER = com.PayTestTests;
				PRODUCT_NAME = "$(TARGET_NAME)";
				SWIFT_EMIT_LOC_STRINGS = NO;
				SWIFT_VERSION = 5.0;
				TARGETED_DEVICE_FAMILY = "1,2";
				TEST_HOST = "$(BUILT_PRODUCTS_DIR)/PayTest.app/$(BUNDLE_EXECUTABLE_FOLDER_PATH)/PayTest";
			};
			name = Debug;
		};
		8413ABD228FD51CE00DE8ECF /* Release */ = {
			isa = XCBuildConfiguration;
			baseConfigurationReference = 42414388AA1CAF197892A5FA /* Pods-PayTestTests.release.xcconfig */;
			buildSettings = {
				ALWAYS_EMBED_SWIFT_STANDARD_LIBRARIES = YES;
				BUNDLE_LOADER = "$(TEST_HOST)";
				CODE_SIGN_STYLE = Automatic;
				CURRENT_PROJECT_VERSION = 1;
				DEVELOPMENT_TEAM = N4M3759P9C;
				GENERATE_INFOPLIST_FILE = YES;
				IPHONEOS_DEPLOYMENT_TARGET = 16.0;
				MARKETING_VERSION = 1.0;
				PRODUCT_BUNDLE_IDENTIFIER = com.PayTestTests;
				PRODUCT_NAME = "$(TARGET_NAME)";
				SWIFT_EMIT_LOC_STRINGS = NO;
				SWIFT_VERSION = 5.0;
				TARGETED_DEVICE_FAMILY = "1,2";
				TEST_HOST = "$(BUILT_PRODUCTS_DIR)/PayTest.app/$(BUNDLE_EXECUTABLE_FOLDER_PATH)/PayTest";
			};
			name = Release;
		};
		8413ABD428FD51CE00DE8ECF /* Debug */ = {
			isa = XCBuildConfiguration;
			baseConfigurationReference = 736DCDE4AA4210B5747E7575 /* Pods-PayTest-PayTestUITests.debug.xcconfig */;
			buildSettings = {
				ALWAYS_EMBED_SWIFT_STANDARD_LIBRARIES = YES;
				CODE_SIGN_STYLE = Automatic;
				CURRENT_PROJECT_VERSION = 1;
				DEVELOPMENT_TEAM = N4M3759P9C;
				GENERATE_INFOPLIST_FILE = YES;
				MARKETING_VERSION = 1.0;
				PRODUCT_BUNDLE_IDENTIFIER = com.PayTestUITests;
				PRODUCT_NAME = "$(TARGET_NAME)";
				SWIFT_EMIT_LOC_STRINGS = NO;
				SWIFT_VERSION = 5.0;
				TARGETED_DEVICE_FAMILY = "1,2";
				TEST_TARGET_NAME = PayTest;
			};
			name = Debug;
		};
		8413ABD528FD51CE00DE8ECF /* Release */ = {
			isa = XCBuildConfiguration;
			baseConfigurationReference = 7BE158D7C6A3B1D68A35C603 /* Pods-PayTest-PayTestUITests.release.xcconfig */;
			buildSettings = {
				ALWAYS_EMBED_SWIFT_STANDARD_LIBRARIES = YES;
				CODE_SIGN_STYLE = Automatic;
				CURRENT_PROJECT_VERSION = 1;
				DEVELOPMENT_TEAM = N4M3759P9C;
				GENERATE_INFOPLIST_FILE = YES;
				MARKETING_VERSION = 1.0;
				PRODUCT_BUNDLE_IDENTIFIER = com.PayTestUITests;
				PRODUCT_NAME = "$(TARGET_NAME)";
				SWIFT_EMIT_LOC_STRINGS = NO;
				SWIFT_VERSION = 5.0;
				TARGETED_DEVICE_FAMILY = "1,2";
				TEST_TARGET_NAME = PayTest;
			};
			name = Release;
		};
/* End XCBuildConfiguration section */

/* Begin XCConfigurationList section */
		8413AB9B28FD51C900DE8ECF /* Build configuration list for PBXProject "PayTest" */ = {
			isa = XCConfigurationList;
			buildConfigurations = (
				8413ABCB28FD51CE00DE8ECF /* Debug */,
				8413ABCC28FD51CE00DE8ECF /* Release */,
			);
			defaultConfigurationIsVisible = 0;
			defaultConfigurationName = Release;
		};
		8413ABCD28FD51CE00DE8ECF /* Build configuration list for PBXNativeTarget "PayTest" */ = {
			isa = XCConfigurationList;
			buildConfigurations = (
				8413ABCE28FD51CE00DE8ECF /* Debug */,
				8413ABCF28FD51CE00DE8ECF /* Release */,
			);
			defaultConfigurationIsVisible = 0;
			defaultConfigurationName = Release;
		};
		8413ABD028FD51CE00DE8ECF /* Build configuration list for PBXNativeTarget "PayTestTests" */ = {
			isa = XCConfigurationList;
			buildConfigurations = (
				8413ABD128FD51CE00DE8ECF /* Debug */,
				8413ABD228FD51CE00DE8ECF /* Release */,
			);
			defaultConfigurationIsVisible = 0;
			defaultConfigurationName = Release;
		};
		8413ABD328FD51CE00DE8ECF /* Build configuration list for PBXNativeTarget "PayTestUITests" */ = {
			isa = XCConfigurationList;
			buildConfigurations = (
				8413ABD428FD51CE00DE8ECF /* Debug */,
				8413ABD528FD51CE00DE8ECF /* Release */,
			);
			defaultConfigurationIsVisible = 0;
			defaultConfigurationName = Release;
		};
/* End XCConfigurationList section */

/* Begin XCVersionGroup section */
		8413ABAC28FD51C900DE8ECF /* PayTest.xcdatamodeld */ = {
			isa = XCVersionGroup;
			children = (
				8413ABAD28FD51C900DE8ECF /* PayTest.xcdatamodel */,
			);
			currentVersion = 8413ABAD28FD51C900DE8ECF /* PayTest.xcdatamodel */;
			path = PayTest.xcdatamodeld;
			sourceTree = "<group>";
			versionGroupType = wrapper.xcdatamodel;
		};
/* End XCVersionGroup section */
	};
	rootObject = 8413AB9828FD51C900DE8ECF /* Project object */;
}
